
Microsoft Visual Studio Solution File, Format Version 12.00
# Visual Studio Version 16
VisualStudioVersion = 16.0.29519.87
MinimumVisualStudioVersion = 10.0.40219.1
Project("{FAE04EC0-301F-11D3-BF4B-00C04F79EFBC}") = "EF_Core_VS", "EF_Core_VS\EF_Core_VS.csproj", "{796834D7-4122-4800-9EC4-63EA6BDD4411}"
EndProject
Global
	GlobalSection(SolutionConfigurationPlatforms) = preSolution
		Debug|Any CPU = Debug|Any CPU
		Release|Any CPU = Release|Any CPU
	EndGlobalSection
	GlobalSection(ProjectConfigurationPlatforms) = postSolution
		{796834D7-4122-4800-9EC4-63EA6BDD4411}.Debug|Any CPU.ActiveCfg = Debug|Any CPU
		{796834D7-4122-4800-9EC4-63EA6BDD4411}.Debug|Any CPU.Build.0 = Debug|Any CPU
		{796834D7-4122-4800-9EC4-63EA6BDD4411}.Release|Any CPU.ActiveCfg = Release|Any CPU
		{796834D7-4122-4800-9EC4-63EA6BDD4411}.Release|Any CPU.Build.0 = Release|Any CPU
	EndGlobalSection
	GlobalSection(SolutionProperties) = preSolution
		HideSolutionNode = FALSE
	EndGlobalSection
	GlobalSection(ExtensibilityGlobals) = postSolution
		SolutionGuid = {2EE8FDB8-6684-413E-8D96-9A90820BAA8F}
	EndGlobalSection
EndGlobal
